github.com/centrifugal/centrifuge-go v0.10.2 h1:EjOP+U1TRqT9vtmB9Sllseq+w1VnnI0jc2BSdkRZB9c=
github.com/centrifugal/centrifuge-go v0.10.2/go.mod h1:LZG0v+Z4g6tLN0nUaowjFx45dDyr85EX5EUK42Lv5ug=
github.com/centrifugal/gocent/v3 v3.3.0 h1:hpSQ8C9mrzhN9vPQRF6dlGsOEHB0uihYcC+okR57/cw=
github.com/centrifugal/gocent/v3 v3.3.0/go.mod h1:DL/9GQlMpEYh+aOLXxAPO4CPdpZWN4/mc8ya2eQE09g=
github.com/centrifugal/protocol v0.11.0 h1:scGi6jvj8ROUXW0yf9jdUgCYzqZoA/5vL1cfAdAhnjw=
github.com/centrifugal/protocol v0.11.0/go.mod h1:5S6rXJXuEawVDr6YcfJZq1vqI33+rH/N2bDXoSf8kXA=
github.com/cpuguy83/go-md2man/v2 v2.0.3/go.mod h1:tgQtvFlXSQOSOSIRvRPT7W67SCa46tRHOmNcaadrF8o=
github.com/gorilla/websocket v1.5.1 h1:gmztn0JnHVt9JZquRuzLw3g4wouNVzKL15iLr/zn/QY=
github.com/gorilla/websocket v1.5.1/go.mod h1:x3kM2JMyaluk02fnUJpQuwD2dCS5NDG2ZHL0uE0tcaY=
github.com/inconshreveable/mousetrap v1.1.0 h1:wN+x4NVGpMsO7ErUn/mUI3vEoE6Jt13X2s0bqwp9tc8=
github.com/inconshreveable/mousetrap v1.1.0/go.mod h1:vpF70FUmC8bwa3OWnCshd2FqLfsEA9PFc4w1p2J65bw=
github.com/josharian/intern v1.0.0 h1:vlS4z54oSdjm0bgjRigI+G1HpF+tI+9kE8k8tPIn94o=
github.com/josharian/intern v1.0.0/go.mod h1:5DoeVV0s6jJacbCEi61lwdGj/aVlrQvzHFFd8Hwg//Y=
github.com/mailru/easyjson v0.7.7 h1:UGYAvKxe3sBsEDzO8ZeWOSlIQfWFlxbzLZe7hwFURr0=
github.com/mailru/easyjson v0.7.7/go.mod h1:xzfreul335JAWq5oZzymOObrkdz5UnU4kGfJJLY9Nlc=
github.com/russross/blackfriday/v2 v2.1.0/go.mod h1:+Rmxgy9KzJVeS9/2gXHxylqXiyQDYRxCVz55jmeOWTM=
github.com/segmentio/asm v1.2.0 h1:9BQrFxC+YOHJlTlHGkTrFWf59nbLIdX9kFLm1IpPFxg=
github.com/segmentio/asm v1.2.0/go.mod h1:BqMnlJP91P8d+4ibuonYZw9m/Sz4hlAGVB4fMBlM/0k=
github.com/segmentio/encoding v0.3.6 h1:E6lVLyDPseWEulBmCmAKPanDd3jiyGon5k94qTAd/dU=
github.com/segmentio/encoding v0.3.6/go.mod h1:jH6FjzU0tTbexZ6/Aq2u27tyiVZp090FZNiorTSk6pE=
github.com/spf13/cobra v1.8.0 h1:7aJaZx1B85qltLMc546zn58BxxfZdR/W22ej9CFoEf0=
github.com/spf13/cobra v1.8.0/go.mod h1:WXLWApfZ71AjXPya3WOlMsY9yMs7YeiHhFVlvLyhcho=
github.com/spf13/pflag v1.0.5 h1:iy+VFUOCP1a+8yFto/drg2CJ5u0yRoB7fZw3DKv/JXA=
github.com/spf13/pflag v1.0.5/go.mod h1:McXfInJRrz4CZXVZOBLb0bTZqETkiAhM9Iw0y3An2Bg=
golang.org/x/sys v0.13.0 h1:Af8nKPmuFypiUBjVoU9V20FiaFXOcuZI21p0ycVYYGE=
golang.org/x/sys v0.13.0/go.mod h1:oPkhp1MJrh7nUepCBck5+mAzfO9JrbApNNgaTdGDITg=
gopkg.in/check.v1 v0.0.0-20161208181325-20d25e280405/go.mod h1:Co6ibVJAznAaIkqp8huTwlJQCZ016jof/cbN4VW5Gy0o=
gopkg.in/yaml.v3 v3.0.1/go.mod h1:K4uyk7z7BCEPqu6E+C64Yfv1cQ7kz7rIZviUmN+EgEM=
